
Microsoft Visual Studio Solution File, Format Version 12.00
# Visual Studio Version 16
VisualStudioVersion = 16.0.30621.155
MinimumVisualStudioVersion = 10.0.40219.1
Project("{FAE04EC0-301F-11D3-BF4B-00C04F79EFBC}") = "Snake", "Snake\Snake.csproj", "{6A1F15B6-6DD3-47DD-B6FC-29EFAF3DC4F3}"
EndProject
Global
	GlobalSection(SolutionConfigurationPlatforms) = preSolution
		Debug|Any CPU = Debug|Any CPU
		Release|Any CPU = Release|Any CPU
	EndGlobalSection
	GlobalSection(ProjectConfigurationPlatforms) = postSolution
		{6A1F15B6-6DD3-47DD-B6FC-29EFAF3DC4F3}.Debug|Any CPU.ActiveCfg = Debug|Any CPU
		{6A1F15B6-6DD3-47DD-B6FC-29EFAF3DC4F3}.Debug|Any CPU.Build.0 = Debug|Any CPU
		{6A1F15B6-6DD3-47DD-B6FC-29EFAF3DC4F3}.Release|Any CPU.ActiveCfg = Release|Any CPU
		{6A1F15B6-6DD3-47DD-B6FC-29EFAF3DC4F3}.Release|Any CPU.Build.0 = Release|Any CPU
	EndGlobalSection
	GlobalSection(SolutionProperties) = preSolution
		HideSolutionNode = FALSE
	EndGlobalSection
	GlobalSection(ExtensibilityGlobals) = postSolution
		SolutionGuid = {193131E5-D4C0-4A7B-B471-CA35AAD8EB3B}
	EndGlobalSection
EndGlobal
